
Microsoft Visual Studio Solution File, Format Version 12.00
# Visual Studio Version 17
VisualStudioVersion = 17.4.33213.308
MinimumVisualStudioVersion = 10.0.40219.1
Project("{FAE04EC0-301F-11D3-BF4B-00C04F79EFBC}") = "Task_2", "Prof_HW_1\Task_2.csproj", "{B62756CD-25C2-4667-943A-53EFE281DFCF}"
EndProject
Global
	GlobalSection(SolutionConfigurationPlatforms) = preSolution
		Debug|Any CPU = Debug|Any CPU
		Release|Any CPU = Release|Any CPU
	EndGlobalSection
	GlobalSection(ProjectConfigurationPlatforms) = postSolution
		{B62756CD-25C2-4667-943A-53EFE281DFCF}.Debug|Any CPU.ActiveCfg = Debug|Any CPU
		{B62756CD-25C2-4667-943A-53EFE281DFCF}.Debug|Any CPU.Build.0 = Debug|Any CPU
		{B62756CD-25C2-4667-943A-53EFE281DFCF}.Release|Any CPU.ActiveCfg = Release|Any CPU
		{B62756CD-25C2-4667-943A-53EFE281DFCF}.Release|Any CPU.Build.0 = Release|Any CPU
	EndGlobalSection
	GlobalSection(SolutionProperties) = preSolution
		HideSolutionNode = FALSE
	EndGlobalSection
	GlobalSection(ExtensibilityGlobals) = postSolution
		SolutionGuid = {80174ECA-6309-434F-AA8D-01EC570145E8}
	EndGlobalSection
EndGlobal
